// !$*UTF8*$!
{
	archiveVersion = 1;
	classes = {
	};
	objectVersion = 51;
	objects = {

/* Begin PBXBuildFile section */
		36CCE1F6DEEBC4846D4BF34F /* Pods_Instagram.framework in Frameworks */ = {isa = PBXBuildFile; fileRef = 19A231161691AAEFDF0B9420 /* Pods_Instagram.framework */; };
		9B7606BF27B228A600CD0E24 /* AppDelegate.swift in Sources */ = {isa = PBXBuildFile; fileRef = 9B7606BE27B228A600CD0E24 /* AppDelegate.swift */; };
		9B7606C127B228A600CD0E24 /* SceneDelegate.swift in Sources */ = {isa = PBXBuildFile; fileRef = 9B7606C027B228A600CD0E24 /* SceneDelegate.swift */; };
		9B7606C627B228A600CD0E24 /* Main.storyboard in Resources */ = {isa = PBXBuildFile; fileRef = 9B7606C427B228A600CD0E24 /* Main.storyboard */; };
		9B7606C827B228A900CD0E24 /* Assets.xcassets in Resources */ = {isa = PBXBuildFile; fileRef = 9B7606C727B228A900CD0E24 /* Assets.xcassets */; };
		9B7606CB27B228A900CD0E24 /* LaunchScreen.storyboard in Resources */ = {isa = PBXBuildFile; fileRef = 9B7606C927B228A900CD0E24 /* LaunchScreen.storyboard */; };
		9B7606D327B2291F00CD0E24 /* LoginViewController.swift in Sources */ = {isa = PBXBuildFile; fileRef = 9B7606D227B2291F00CD0E24 /* LoginViewController.swift */; };
		9B7606D527B2292F00CD0E24 /* HomeViewController.swift in Sources */ = {isa = PBXBuildFile; fileRef = 9B7606D427B2292F00CD0E24 /* HomeViewController.swift */; };
		9B7606D727B2293F00CD0E24 /* ImageSelectViewController.swift in Sources */ = {isa = PBXBuildFile; fileRef = 9B7606D627B2293F00CD0E24 /* ImageSelectViewController.swift */; };
		9B7606D927B2294D00CD0E24 /* PostViewController.swift in Sources */ = {isa = PBXBuildFile; fileRef = 9B7606D827B2294D00CD0E24 /* PostViewController.swift */; };
		9B7606DB27B2295D00CD0E24 /* SettingViewController.swift in Sources */ = {isa = PBXBuildFile; fileRef = 9B7606DA27B2295D00CD0E24 /* SettingViewController.swift */; };
		9B7606DD27B2357400CD0E24 /* TabBarController.swift in Sources */ = {isa = PBXBuildFile; fileRef = 9B7606DC27B2357400CD0E24 /* TabBarController.swift */; };
		9B7606DF27B8E3A500CD0E24 /* GoogleService-Info.plist in Resources */ = {isa = PBXBuildFile; fileRef = 9B7606DE27B8E3A500CD0E24 /* GoogleService-Info.plist */; };
		9B7606E127BA371300CD0E24 /* Const.swift in Sources */ = {isa = PBXBuildFile; fileRef = 9B7606E027BA371300CD0E24 /* Const.swift */; };
		9B7606E327BE459500CD0E24 /* PostData.swift in Sources */ = {isa = PBXBuildFile; fileRef = 9B7606E227BE459500CD0E24 /* PostData.swift */; };
		9B7606E627BE464C00CD0E24 /* PostTableViewCell.swift in Sources */ = {isa = PBXBuildFile; fileRef = 9B7606E427BE464C00CD0E24 /* PostTableViewCell.swift */; };
		9B7606E727BE464C00CD0E24 /* PostTableViewCell.xib in Resources */ = {isa = PBXBuildFile; fileRef = 9B7606E527BE464C00CD0E24 /* PostTableViewCell.xib */; };
/* End PBXBuildFile section */

/* Begin PBXFileReference section */
		161B69B51EB8525EEF4CCA40 /* Pods-Instagram.release.xcconfig */ = {isa = PBXFileReference; includeInIndex = 1; lastKnownFileType = text.xcconfig; name = "Pods-Instagram.release.xcconfig"; path = "Target Support Files/Pods-Instagram/Pods-Instagram.release.xcconfig"; sourceTree = "<group>"; };
		19A231161691AAEFDF0B9420 /* Pods_Instagram.framework */ = {isa = PBXFileReference; explicitFileType = wrapper.framework; includeInIndex = 0; path = Pods_Instagram.framework; sourceTree = BUILT_PRODUCTS_DIR; };
		5A9DBA832079137138085CA4 /* Pods-Instagram.debug.xcconfig */ = {isa = PBXFileReference; includeInIndex = 1; lastKnownFileType = text.xcconfig; name = "Pods-Instagram.debug.xcconfig"; path = "Target Support Files/Pods-Instagram/Pods-Instagram.debug.xcconfig"; sourceTree = "<group>"; };
		9B7606BB27B228A600CD0E24 /* Instagram.app */ = {isa = PBXFileReference; explicitFileType = wrapper.application; includeInIndex = 0; path = Instagram.app; sourceTree = BUILT_PRODUCTS_DIR; };
		9B7606BE27B228A600CD0E24 /* AppDelegate.swift */ = {isa = PBXFileReference; lastKnownFileType = sourcecode.swift; path = AppDelegate.swift; sourceTree = "<group>"; };
		9B7606C027B228A600CD0E24 /* SceneDelegate.swift */ = {isa = PBXFileReference; lastKnownFileType = sourcecode.swift; path = SceneDelegate.swift; sourceTree = "<group>"; };
		9B7606C527B228A600CD0E24 /* Base */ = {isa = PBXFileReference; lastKnownFileType = file.storyboard; name = Base; path = Base.lproj/Main.storyboard; sourceTree = "<group>"; };
		9B7606C727B228A900CD0E24 /* Assets.xcassets */ = {isa = PBXFileReference; lastKnownFileType = folder.assetcatalog; path = Assets.xcassets; sourceTree = "<group>"; };
		9B7606CA27B228A900CD0E24 /* Base */ = {isa = PBXFileReference; lastKnownFileType = file.storyboard; name = Base; path = Base.lproj/LaunchScreen.storyboard; sourceTree = "<group>"; };
		9B7606CC27B228A900CD0E24 /* Info.plist */ = {isa = PBXFileReference; lastKnownFileType = text.plist.xml; path = Info.plist; sourceTree = "<group>"; };
		9B7606D227B2291F00CD0E24 /* LoginViewController.swift */ = {isa = PBXFileReference; lastKnownFileType = sourcecode.swift; path = LoginViewController.swift; sourceTree = "<group>"; };
		9B7606D427B2292F00CD0E24 /* HomeViewController.swift */ = {isa = PBXFileReference; lastKnownFileType = sourcecode.swift; path = HomeViewController.swift; sourceTree = "<group>"; };
		9B7606D627B2293F00CD0E24 /* ImageSelectViewController.swift */ = {isa = PBXFileReference; lastKnownFileType = sourcecode.swift; path = ImageSelectViewController.swift; sourceTree = "<group>"; };
		9B7606D827B2294D00CD0E24 /* PostViewController.swift */ = {isa = PBXFileReference; lastKnownFileType = sourcecode.swift; path = PostViewController.swift; sourceTree = "<group>"; };
		9B7606DA27B2295D00CD0E24 /* SettingViewController.swift */ = {isa = PBXFileReference; lastKnownFileType = sourcecode.swift; path = SettingViewController.swift; sourceTree = "<group>"; };
		9B7606DC27B2357400CD0E24 /* TabBarController.swift */ = {isa = PBXFileReference; lastKnownFileType = sourcecode.swift; path = TabBarController.swift; sourceTree = "<group>"; };
		9B7606DE27B8E3A500CD0E24 /* GoogleService-Info.plist */ = {isa = PBXFileReference; fileEncoding = 4; lastKnownFileType = text.plist.xml; path = "GoogleService-Info.plist"; sourceTree = "<group>"; };
		9B7606E027BA371300CD0E24 /* Const.swift */ = {isa = PBXFileReference; lastKnownFileType = sourcecode.swift; path = Const.swift; sourceTree = "<group>"; };
		9B7606E227BE459500CD0E24 /* PostData.swift */ = {isa = PBXFileReference; lastKnownFileType = sourcecode.swift; path = PostData.swift; sourceTree = "<group>"; };
		9B7606E427BE464C00CD0E24 /* PostTableViewCell.swift */ = {isa = PBXFileReference; lastKnownFileType = sourcecode.swift; path = PostTableViewCell.swift; sourceTree = "<group>"; };
		9B7606E527BE464C00CD0E24 /* PostTableViewCell.xib */ = {isa = PBXFileReference; lastKnownFileType = file.xib; path = PostTableViewCell.xib; sourceTree = "<group>"; };
/* End PBXFileReference section */

/* Begin PBXFrameworksBuildPhase section */
		9B7606B827B228A600CD0E24 /* Frameworks */ = {
			isa = PBXFrameworksBuildPhase;
			buildActionMask = 2147483647;
			files = (
				36CCE1F6DEEBC4846D4BF34F /* Pods_Instagram.framework in Frameworks */,
			);
			runOnlyForDeploymentPostprocessing = 0;
		};
/* End PBXFrameworksBuildPhase section */

/* Begin PBXGroup section */
		4F87B7CE0C0466C5BF29801C /* Pods */ = {
			isa = PBXGroup;
			children = (
				5A9DBA832079137138085CA4 /* Pods-Instagram.debug.xcconfig */,
				161B69B51EB8525EEF4CCA40 /* Pods-Instagram.release.xcconfig */,
			);
			path = Pods;
			sourceTree = "<group>";
		};
		9B7606B227B228A600CD0E24 = {
			isa = PBXGroup;
			children = (
				9B7606BD27B228A600CD0E24 /* Instagram */,
				9B7606BC27B228A600CD0E24 /* Products */,
				4F87B7CE0C0466C5BF29801C /* Pods */,
				B5EAECE9ED1847FA22021E1E /* Frameworks */,
			);
			sourceTree = "<group>";
		};
		9B7606BC27B228A600CD0E24 /* Products */ = {
			isa = PBXGroup;
			children = (
				9B7606BB27B228A600CD0E24 /* Instagram.app */,
			);
			name = Products;
			sourceTree = "<group>";
		};
		9B7606BD27B228A600CD0E24 /* Instagram */ = {
			isa = PBXGroup;
			children = (
				9B7606BE27B228A600CD0E24 /* AppDelegate.swift */,
				9B7606C027B228A600CD0E24 /* SceneDelegate.swift */,
				9B7606D227B2291F00CD0E24 /* LoginViewController.swift */,
				9B7606D627B2293F00CD0E24 /* ImageSelectViewController.swift */,
				9B7606D827B2294D00CD0E24 /* PostViewController.swift */,
				9B7606E227BE459500CD0E24 /* PostData.swift */,
				9B7606E427BE464C00CD0E24 /* PostTableViewCell.swift */,
				9B7606E527BE464C00CD0E24 /* PostTableViewCell.xib */,
				9B7606E027BA371300CD0E24 /* Const.swift */,
				9B7606DA27B2295D00CD0E24 /* SettingViewController.swift */,
				9B7606D427B2292F00CD0E24 /* HomeViewController.swift */,
				9B7606DC27B2357400CD0E24 /* TabBarController.swift */,
				9B7606C427B228A600CD0E24 /* Main.storyboard */,
				9B7606C727B228A900CD0E24 /* Assets.xcassets */,
				9B7606C927B228A900CD0E24 /* LaunchScreen.storyboard */,
				9B7606DE27B8E3A500CD0E24 /* GoogleService-Info.plist */,
				9B7606CC27B228A900CD0E24 /* Info.plist */,
			);
			path = Instagram;
			sourceTree = "<group>";
		};
		B5EAECE9ED1847FA22021E1E /* Frameworks */ = {
			isa = PBXGroup;
			children = (
				19A231161691AAEFDF0B9420 /* Pods_Instagram.framework */,
			);
			name = Frameworks;
			sourceTree = "<group>";
		};
/* End PBXGroup section */

/* Begin PBXNativeTarget section */
		9B7606BA27B228A600CD0E24 /* Instagram */ = {
			isa = PBXNativeTarget;
			buildConfigurationList = 9B7606CF27B228A900CD0E24 /* Build configuration list for PBXNativeTarget "Instagram" */;
			buildPhases = (
				E355B3737A24A6B5EDA97005 /* [CP] Check Pods Manifest.lock */,
				9B7606B727B228A600CD0E24 /* Sources */,
				9B7606B827B228A600CD0E24 /* Frameworks */,
				9B7606B927B228A600CD0E24 /* Resources */,
				462B6B8AC5BA9C307C792D4C /* [CP] Embed Pods Frameworks */,
			);
			buildRules = (
			);
			dependencies = (
			);
			name = Instagram;
			productName = Instagram;
			productReference = 9B7606BB27B228A600CD0E24 /* Instagram.app */;
			productType = "com.apple.product-type.application";
		};
/* End PBXNativeTarget section */

/* Begin PBXProject section */
		9B7606B327B228A600CD0E24 /* Project object */ = {
			isa = PBXProject;
			attributes = {
				LastSwiftUpdateCheck = 1250;
				LastUpgradeCheck = 1250;
				TargetAttributes = {
					9B7606BA27B228A600CD0E24 = {
						CreatedOnToolsVersion = 12.5.1;
					};
				};
			};
			buildConfigurationList = 9B7606B627B228A600CD0E24 /* Build configuration list for PBXProject "Instagram" */;
			compatibilityVersion = "Xcode 9.3";
			developmentRegion = en;
			hasScannedForEncodings = 0;
			knownRegions = (
				en,
				Base,
			);
			mainGroup = 9B7606B227B228A600CD0E24;
			productRefGroup = 9B7606BC27B228A600CD0E24 /* Products */;
			projectDirPath = "";
			projectRoot = "";
			targets = (
				9B7606BA27B228A600CD0E24 /* Instagram */,
			);
		};
/* End PBXProject section */

/* Begin PBXResourcesBuildPhase section */
		9B7606B927B228A600CD0E24 /* Resources */ = {
			isa = PBXResourcesBuildPhase;
			buildActionMask = 2147483647;
			files = (
				9B7606CB27B228A900CD0E24 /* LaunchScreen.storyboard in Resources */,
				9B7606E727BE464C00CD0E24 /* PostTableViewCell.xib in Resources */,
				9B7606DF27B8E3A500CD0E24 /* GoogleService-Info.plist in Resources */,
				9B7606C827B228A900CD0E24 /* Assets.xcassets in Resources */,
				9B7606C627B228A600CD0E24 /* Main.storyboard in Resources */,
			);
			runOnlyForDeploymentPostprocessing = 0;
		};
/* End PBXResourcesBuildPhase section */

/* Begin PBXShellScriptBuildPhase section */
		462B6B8AC5BA9C307C792D4C /* [CP] Embed Pods Frameworks */ = {
			isa = PBXShellScriptBuildPhase;
			buildActionMask = 2147483647;
			files = (
			);
			inputFileListPaths = (
				"${PODS_ROOT}/Target Support Files/Pods-Instagram/Pods-Instagram-frameworks-${CONFIGURATION}-input-files.xcfilelist",
			);
			name = "[CP] Embed Pods Frameworks";
			outputFileListPaths = (
				"${PODS_ROOT}/Target Support Files/Pods-Instagram/Pods-Instagram-frameworks-${CONFIGURATION}-output-files.xcfilelist",
			);
			runOnlyForDeploymentPostprocessing = 0;
			shellPath = /bin/sh;
			shellScript = "\"${PODS_ROOT}/Target Support Files/Pods-Instagram/Pods-Instagram-frameworks.sh\"\n";
			showEnvVarsInLog = 0;
		};
		E355B3737A24A6B5EDA97005 /* [CP] Check Pods Manifest.lock */ = {
			isa = PBXShellScriptBuildPhase;
			buildActionMask = 2147483647;
			files = (
			);
			inputFileListPaths = (
			);
			inputPaths = (
				"${PODS_PODFILE_DIR_PATH}/Podfile.lock",
				"${PODS_ROOT}/Manifest.lock",
			);
			name = "[CP] Check Pods Manifest.lock";
			outputFileListPaths = (
			);
			outputPaths = (
				"$(DERIVED_FILE_DIR)/Pods-Instagram-checkManifestLockResult.txt",
			);
			runOnlyForDeploymentPostprocessing = 0;
			shellPath = /bin/sh;
			shellScript = "diff \"${PODS_PODFILE_DIR_PATH}/Podfile.lock\" \"${PODS_ROOT}/Manifest.lock\" > /dev/null\nif [ $? != 0 ] ; then\n    # print error to STDERR\n    echo \"error: The sandbox is not in sync with the Podfile.lock. Run 'pod install' or update your CocoaPods installation.\" >&2\n    exit 1\nfi\n# This output is used by Xcode 'outputs' to avoid re-running this script phase.\necho \"SUCCESS\" > \"${SCRIPT_OUTPUT_FILE_0}\"\n";
			showEnvVarsInLog = 0;
		};
/* End PBXShellScriptBuildPhase section */

/* Begin PBXSourcesBuildPhase section */
		9B7606B727B228A600CD0E24 /* Sources */ = {
			isa = PBXSourcesBuildPhase;
			buildActionMask = 2147483647;
			files = (
				9B7606E627BE464C00CD0E24 /* PostTableViewCell.swift in Sources */,
				9B7606D727B2293F00CD0E24 /* ImageSelectViewController.swift in Sources */,
				9B7606DD27B2357400CD0E24 /* TabBarController.swift in Sources */,
				9B7606D527B2292F00CD0E24 /* HomeViewController.swift in Sources */,
				9B7606D927B2294D00CD0E24 /* PostViewController.swift in Sources */,
				9B7606DB27B2295D00CD0E24 /* SettingViewController.swift in Sources */,
				9B7606E327BE459500CD0E24 /* PostData.swift in Sources */,
				9B7606D327B2291F00CD0E24 /* LoginViewController.swift in Sources */,
				9B7606BF27B228A600CD0E24 /* AppDelegate.swift in Sources */,
				9B7606C127B228A600CD0E24 /* SceneDelegate.swift in Sources */,
				9B7606E127BA371300CD0E24 /* Const.swift in Sources */,
			);
			runOnlyForDeploymentPostprocessing = 0;
		};
/* End PBXSourcesBuildPhase section */

/* Begin PBXVariantGroup section */
		9B7606C427B228A600CD0E24 /* Main.storyboard */ = {
			isa = PBXVariantGroup;
			children = (
				9B7606C527B228A600CD0E24 /* Base */,
			);
			name = Main.storyboard;
			sourceTree = "<group>";
		};
		9B7606C927B228A900CD0E24 /* LaunchScreen.storyboard */ = {
			isa = PBXVariantGroup;
			children = (
				9B7606CA27B228A900CD0E24 /* Base */,
			);
			name = LaunchScreen.storyboard;
			sourceTree = "<group>";
		};
/* End PBXVariantGroup section */

/* Begin XCBuildConfiguration section */
		9B7606CD27B228A900CD0E24 /* Debug */ = {
			isa = XCBuildConfiguration;
			buildSettings = {
				ALWAYS_SEARCH_USER_PATHS = NO;
				CLANG_ANALYZER_NONNULL = YES;
				CLANG_ANALYZER_NUMBER_OBJECT_CONVERSION = YES_AGGRESSIVE;
				CLANG_CXX_LANGUAGE_STANDARD = "gnu++14";
				CLANG_CXX_LIBRARY = "libc++";
				CLANG_ENABLE_MODULES = YES;
				CLANG_ENABLE_OBJC_ARC = YES;
				CLANG_ENABLE_OBJC_WEAK = YES;
				CLANG_WARN_BLOCK_CAPTURE_AUTORELEASING = YES;
				CLANG_WARN_BOOL_CONVERSION = YES;
				CLANG_WARN_COMMA = YES;
				CLANG_WARN_CONSTANT_CONVERSION = YES;
				CLANG_WARN_DEPRECATED_OBJC_IMPLEMENTATIONS = YES;
				CLANG_WARN_DIRECT_OBJC_ISA_USAGE = YES_ERROR;
				CLANG_WARN_DOCUMENTATION_COMMENTS = YES;
				CLANG_WARN_EMPTY_BODY = YES;
				CLANG_WARN_ENUM_CONVERSION = YES;
				CLANG_WARN_INFINITE_RECURSION = YES;
				CLANG_WARN_INT_CONVERSION = YES;
				CLANG_WARN_NON_LITERAL_NULL_CONVERSION = YES;
				CLANG_WARN_OBJC_IMPLICIT_RETAIN_SELF = YES;
				CLANG_WARN_OBJC_LITERAL_CONVERSION = YES;
				CLANG_WARN_OBJC_ROOT_CLASS = YES_ERROR;
				CLANG_WARN_QUOTED_INCLUDE_IN_FRAMEWORK_HEADER = YES;
				CLANG_WARN_RANGE_LOOP_ANALYSIS = YES;
				CLANG_WARN_STRICT_PROTOTYPES = YES;
				CLANG_WARN_SUSPICIOUS_MOVE = YES;
				CLANG_WARN_UNGUARDED_AVAILABILITY = YES_AGGRESSIVE;
				CLANG_WARN_UNREACHABLE_CODE = YES;
				CLANG_WARN__DUPLICATE_METHOD_MATCH = YES;
				COPY_PHASE_STRIP = NO;
				DEBUG_INFORMATION_FORMAT = dwarf;
				ENABLE_STRICT_OBJC_MSGSEND = YES;
				ENABLE_TESTABILITY = YES;
				GCC_C_LANGUAGE_STANDARD = gnu11;
				GCC_DYNAMIC_NO_PIC = NO;
				GCC_NO_COMMON_BLOCKS = YES;
				GCC_OPTIMIZATION_LEVEL = 0;
				GCC_PREPROCESSOR_DEFINITIONS = (
					"DEBUG=1",
					"$(inherited)",
				);
				GCC_WARN_64_TO_32_BIT_CONVERSION = YES;
				GCC_WARN_ABOUT_RETURN_TYPE = YES_ERROR;
				GCC_WARN_UNDECLARED_SELECTOR = YES;
				GCC_WARN_UNINITIALIZED_AUTOS = YES_AGGRESSIVE;
				GCC_WARN_UNUSED_FUNCTION = YES;
				GCC_WARN_UNUSED_VARIABLE = YES;
				IPHONEOS_DEPLOYMENT_TARGET = 14.5;
				MTL_ENABLE_DEBUG_INFO = INCLUDE_SOURCE;
				MTL_FAST_MATH = YES;
				ONLY_ACTIVE_ARCH = YES;
				SDKROOT = iphoneos;
				SWIFT_ACTIVE_COMPILATION_CONDITIONS = DEBUG;
				SWIFT_OPTIMIZATION_LEVEL = "-Onone";
			};
			name = Debug;
		};
		9B7606CE27B228A900CD0E24 /* Release */ = {
			isa = XCBuildConfiguration;
			buildSettings = {
				ALWAYS_SEARCH_USER_PATHS = NO;
				CLANG_ANALYZER_NONNULL = YES;
				CLANG_ANALYZER_NUMBER_OBJECT_CONVERSION = YES_AGGRESSIVE;
				CLANG_CXX_LANGUAGE_STANDARD = "gnu++14";
				CLANG_CXX_LIBRARY = "libc++";
				CLANG_ENABLE_MODULES = YES;
				CLANG_ENABLE_OBJC_ARC = YES;
				CLANG_ENABLE_OBJC_WEAK = YES;
				CLANG_WARN_BLOCK_CAPTURE_AUTORELEASING = YES;
				CLANG_WARN_BOOL_CONVERSION = YES;
				CLANG_WARN_COMMA = YES;
				CLANG_WARN_CONSTANT_CONVERSION = YES;
				CLANG_WARN_DEPRECATED_OBJC_IMPLEMENTATIONS = YES;
				CLANG_WARN_DIRECT_OBJC_ISA_USAGE = YES_ERROR;
				CLANG_WARN_DOCUMENTATION_COMMENTS = YES;
				CLANG_WARN_EMPTY_BODY = YES;
				CLANG_WARN_ENUM_CONVERSION = YES;
				CLANG_WARN_INFINITE_RECURSION = YES;
				CLANG_WARN_INT_CONVERSION = YES;
				CLANG_WARN_NON_LITERAL_NULL_CONVERSION = YES;
				CLANG_WARN_OBJC_IMPLICIT_RETAIN_SELF = YES;
				CLANG_WARN_OBJC_LITERAL_CONVERSION = YES;
				CLANG_WARN_OBJC_ROOT_CLASS = YES_ERROR;
				CLANG_WARN_QUOTED_INCLUDE_IN_FRAMEWORK_HEADER = YES;
				CLANG_WARN_RANGE_LOOP_ANALYSIS = YES;
				CLANG_WARN_STRICT_PROTOTYPES = YES;
				CLANG_WARN_SUSPICIOUS_MOVE = YES;
				CLANG_WARN_UNGUARDED_AVAILABILITY = YES_AGGRESSIVE;
				CLANG_WARN_UNREACHABLE_CODE = YES;
				CLANG_WARN__DUPLICATE_METHOD_MATCH = YES;
				COPY_PHASE_STRIP = NO;
				DEBUG_INFORMATION_FORMAT = "dwarf-with-dsym";
				ENABLE_NS_ASSERTIONS = NO;
				ENABLE_STRICT_OBJC_MSGSEND = YES;
				GCC_C_LANGUAGE_STANDARD = gnu11;
				GCC_NO_COMMON_BLOCKS = YES;
				GCC_WARN_64_TO_32_BIT_CONVERSION = YES;
				GCC_WARN_ABOUT_RETURN_TYPE = YES_ERROR;
				GCC_WARN_UNDECLARED_SELECTOR = YES;
				GCC_WARN_UNINITIALIZED_AUTOS = YES_AGGRESSIVE;
				GCC_WARN_UNUSED_FUNCTION = YES;
				GCC_WARN_UNUSED_VARIABLE = YES;
				IPHONEOS_DEPLOYMENT_TARGET = 14.5;
				MTL_ENABLE_DEBUG_INFO = NO;
				MTL_FAST_MATH = YES;
				SDKROOT = iphoneos;
				SWIFT_COMPILATION_MODE = wholemodule;
				SWIFT_OPTIMIZATION_LEVEL = "-O";
				VALIDATE_PRODUCT = YES;
			};
			name = Release;
		};
		9B7606D027B228A900CD0E24 /* Debug */ = {
			isa = XCBuildConfiguration;
			baseConfigurationReference = 5A9DBA832079137138085CA4 /* Pods-Instagram.debug.xcconfig */;
			buildSettings = {
				ASSETCATALOG_COMPILER_APPICON_NAME = AppIcon;
				ASSETCATALOG_COMPILER_GLOBAL_ACCENT_COLOR_NAME = AccentColor;
				CODE_SIGN_STYLE = Automatic;
				DEVELOPMENT_TEAM = ACSWM7FL58;
				INFOPLIST_FILE = Instagram/Info.plist;
				LD_RUNPATH_SEARCH_PATHS = (
					"$(inherited)",
					"@executable_path/Frameworks",
				);
				PRODUCT_BUNDLE_IDENTIFIER = jp.techacademy.ryouta.araki4.Instagram;
				PRODUCT_NAME = "$(TARGET_NAME)";
				SWIFT_VERSION = 5.0;
				TARGETED_DEVICE_FAMILY = 1;
			};
			name = Debug;
		};
		9B7606D127B228A900CD0E24 /* Release */ = {
			isa = XCBuildConfiguration;
			baseConfigurationReference = 161B69B51EB8525EEF4CCA40 /* Pods-Instagram.release.xcconfig */;
			buildSettings = {
				ASSETCATALOG_COMPILER_APPICON_NAME = AppIcon;
				ASSETCATALOG_COMPILER_GLOBAL_ACCENT_COLOR_NAME = AccentColor;
				CODE_SIGN_STYLE = Automatic;
				DEVELOPMENT_TEAM = ACSWM7FL58;
				INFOPLIST_FILE = Instagram/Info.plist;
				LD_RUNPATH_SEARCH_PATHS = (
					"$(inherited)",
					"@executable_path/Frameworks",
				);
				PRODUCT_BUNDLE_IDENTIFIER = jp.techacademy.ryouta.araki4.Instagram;
				PRODUCT_NAME = "$(TARGET_NAME)";
				SWIFT_VERSION = 5.0;
				TARGETED_DEVICE_FAMILY = 1;
			};
			name = Release;
		};
/* End XCBuildConfiguration section */

/* Begin XCConfigurationList section */
		9B7606B627B228A600CD0E24 /* Build configuration list for PBXProject "Instagram" */ = {
			isa = XCConfigurationList;
			buildConfigurations = (
				9B7606CD27B228A900CD0E24 /* Debug */,
				9B7606CE27B228A900CD0E24 /* Release */,
			);
			defaultConfigurationIsVisible = 0;
			defaultConfigurationName = Release;
		};
		9B7606CF27B228A900CD0E24 /* Build configuration list for PBXNativeTarget "Instagram" */ = {
			isa = XCConfigurationList;
			buildConfigurations = (
				9B7606D027B228A900CD0E24 /* Debug */,
				9B7606D127B228A900CD0E24 /* Release */,
			);
			defaultConfigurationIsVisible = 0;
			defaultConfigurationName = Release;
		};
/* End XCConfigurationList section */
	};
	rootObject = 9B7606B327B228A600CD0E24 /* Project object */;
}
